Microsoft Visual Studio Solution File, Format Version 12.00
# Visual Studio Version 17
VisualStudioVersion = 17.5.2.0
MinimumVisualStudioVersion = 10.0.40219.1
Project("{FAE04EC0-301F-11D3-BF4B-00C04F79EFBC}") = "SecureBlog.Api", "SecureBlog.Api.csproj", "{0E56DBCB-03B8-81C3-343A-2D57AE1F023B}"
EndProject
Global
	GlobalSection(SolutionConfigurationPlatforms) = preSolution
		Debug|Any CPU = Debug|Any CPU
		Release|Any CPU = Release|Any CPU
	EndGlobalSection
	GlobalSection(ProjectConfigurationPlatforms) = postSolution
		{0E56DBCB-03B8-81C3-343A-2D57AE1F023B}.Debug|Any CPU.ActiveCfg = Debug|Any CPU
		{0E56DBCB-03B8-81C3-343A-2D57AE1F023B}.Debug|Any CPU.Build.0 = Debug|Any CPU
		{0E56DBCB-03B8-81C3-343A-2D57AE1F023B}.Release|Any CPU.ActiveCfg = Release|Any CPU
		{0E56DBCB-03B8-81C3-343A-2D57AE1F023B}.Release|Any CPU.Build.0 = Release|Any CPU
	EndGlobalSection
	GlobalSection(SolutionProperties) = preSolution
		HideSolutionNode = FALSE
	EndGlobalSection
	GlobalSection(ExtensibilityGlobals) = postSolution
		SolutionGuid = {B40DE48E-0CA7-42ED-9340-5F3F2D124411}
	EndGlobalSection
EndGlobal
